
Microsoft Visual Studio Solution File, Format Version 12.00
# Visual Studio Version 17
VisualStudioVersion = 17.0.31903.59
MinimumVisualStudioVersion = 10.0.40219.1
Project("{FAE04EC0-301F-11D3-BF4B-00C04F79EFBC}") = "BillionnaireShoppingCart.Api", "BillionnaireShoppingCart.Api\BillionnaireShoppingCart.Api.csproj", "{8600E206-F2DB-4768-9BEE-8CC3586C5EE3}"
EndProject
Project("{FAE04EC0-301F-11D3-BF4B-00C04F79EFBC}") = "BillionnaireShoppingCart.Test", "BillionnaireShoppingCart.Test\BillionnaireShoppingCart.Test.csproj", "{5DD6E999-3C82-4887-A040-4D7D539BA5DF}"
EndProject
Global
	GlobalSection(SolutionConfigurationPlatforms) = preSolution
		Debug|Any CPU = Debug|Any CPU
		Release|Any CPU = Release|Any CPU
	EndGlobalSection
	GlobalSection(SolutionProperties) = preSolution
		HideSolutionNode = FALSE
	EndGlobalSection
	GlobalSection(ProjectConfigurationPlatforms) = postSolution
		{8600E206-F2DB-4768-9BEE-8CC3586C5EE3}.Debug|Any CPU.ActiveCfg = Debug|Any CPU
		{8600E206-F2DB-4768-9BEE-8CC3586C5EE3}.Debug|Any CPU.Build.0 = Debug|Any CPU
		{8600E206-F2DB-4768-9BEE-8CC3586C5EE3}.Release|Any CPU.ActiveCfg = Release|Any CPU
		{8600E206-F2DB-4768-9BEE-8CC3586C5EE3}.Release|Any CPU.Build.0 = Release|Any CPU
		{5DD6E999-3C82-4887-A040-4D7D539BA5DF}.Debug|Any CPU.ActiveCfg = Debug|Any CPU
		{5DD6E999-3C82-4887-A040-4D7D539BA5DF}.Debug|Any CPU.Build.0 = Debug|Any CPU
		{5DD6E999-3C82-4887-A040-4D7D539BA5DF}.Release|Any CPU.ActiveCfg = Release|Any CPU
		{5DD6E999-3C82-4887-A040-4D7D539BA5DF}.Release|Any CPU.Build.0 = Release|Any CPU
	EndGlobalSection
EndGlobal
